<?xml version="1.0" encoding="utf-8"?>
<Project ToolsVersion="4.0" xmlns="http://schemas.microsoft.com/developer/msbuild/2003">
  <ItemGroup>
    <Filter Include="Source">
      <UniqueIdentifier>{363e91cf-c93a-45cb-b59d-1644cb3aff2c}</UniqueIdentifier>
      <Extensions>c;cpp</Extensions>
    </Filter>
    <Filter Include="Include">
      <UniqueIdentifier>{a9f9faef-e20e-49a9-8b9d-96cde1ccf1fd}</UniqueIdentifier>
      <Extensions>h</Extensions>
    </Filter>
    <Filter Include="Resource">
      <UniqueIdentifier>{33c89397-7d1c-48fe-b3a5-8637eb675bf6}</UniqueIdentifier>
      <Extensions>rc</Extensions>
    </Filter>
    <Filter Include="Install">
      <UniqueIdentifier>{f309af2f-2149-4ed6-9d71-897ab21d5678}</UniqueIdentifier>
      <Extensions>inf;acm</Extensions>
    </Filter>
  </ItemGroup>
  <ItemGroup>
    <ClCompile Include="..\ACM\ACM.cpp">
      <Filter>Source</Filter>
    </ClCompile>
    <ClCompile Include="..\ACM\ACMStream.cpp">
      <Filter>Source</Filter>
    </ClCompile>
    <ClCompile Include="..\ACM\AEncodeProperties.cpp">
      <Filter>Source</Filter>
    </ClCompile>
    <ClCompile Include="..\ACM\DecodeStream.cpp">
      <Filter>Source</Filter>
    </ClCompile>
    <ClCompile Include="..\ACM\main.cpp">
      <Filter>Source</Filter>
    </ClCompile>
  </ItemGroup>
  <ItemGroup>
    <None Include="..\ACM\LameACM.inf">
      <Filter>Install</Filter>
    </None>
  </ItemGroup>
  <ItemGroup>
    <ClInclude Include="..\ACM\ACM.h">
      <Filter>Include</Filter>
    </ClInclude>
    <ClInclude Include="..\ACM\ACMStream.h">
      <Filter>Include</Filter>
    </ClInclude>
    <ClInclude Include="..\ACM\adebug.h">
      <Filter>Include</Filter>
    </ClInclude>
    <ClInclude Include="..\ACM\AEncodeProperties.h">
      <Filter>Include</Filter>
    </ClInclude>
    <ClInclude Include="..\ACM\DecodeStream.h">
      <Filter>Include</Filter>
    </ClInclude>
  </ItemGroup>
  <ItemGroup>
    <ResourceCompile Include="..\ACM\acm.rc">
      <Filter>Resource</Filter>
    </ResourceCompile>
  </ItemGroup>
  <ItemGroup>
    <Image Include="..\ACM\lame.ico">
      <Filter>Resource</Filter>
    </Image>
  </ItemGroup>
  <ItemGroup>
    <CustomBuild Include="..\ACM\lameACM.def">
      <Filter>Source</Filter>
    </CustomBuild>
    <CustomBuild Include="..\ACM\readme.txt" />
    <CustomBuild Include="..\ACM\TODO" />
  </ItemGroup>
</Project>