<?xml version="1.0" encoding="utf-8"?>
<Project ToolsVersion="4.0" xmlns="http://schemas.microsoft.com/developer/msbuild/2003">
  <ItemGroup>
    <Filter Include="Source">
      <UniqueIdentifier>{2e127414-8ca3-4fa0-8e64-c2222158a891}</UniqueIdentifier>
      <Extensions>c</Extensions>
    </Filter>
    <Filter Include="Include">
      <UniqueIdentifier>{a33e027a-5ce5-43ba-84d5-917240eacb1c}</UniqueIdentifier>
      <Extensions>h</Extensions>
    </Filter>
  </ItemGroup>
  <ItemGroup>
    <ClCompile Include="..\mpglib\common.c">
      <Filter>Source</Filter>
    </ClCompile>
    <ClCompile Include="..\mpglib\dct64_i386.c">
      <Filter>Source</Filter>
    </ClCompile>
    <ClCompile Include="..\mpglib\decode_i386.c">
      <Filter>Source</Filter>
    </ClCompile>
    <ClCompile Include="..\mpglib\interface.c">
      <Filter>Source</Filter>
    </ClCompile>
    <ClCompile Include="..\mpglib\layer1.c">
      <Filter>Source</Filter>
    </ClCompile>
    <ClCompile Include="..\mpglib\layer2.c">
      <Filter>Source</Filter>
    </ClCompile>
    <ClCompile Include="..\mpglib\layer3.c">
      <Filter>Source</Filter>
    </ClCompile>
    <ClCompile Include="..\mpglib\tabinit.c">
      <Filter>Source</Filter>
    </ClCompile>
  </ItemGroup>
  <ItemGroup>
    <ClInclude Include="..\mpglib\common.h">
      <Filter>Include</Filter>
    </ClInclude>
    <ClInclude Include="..\mpglib\dct64_i386.h">
      <Filter>Include</Filter>
    </ClInclude>
    <ClInclude Include="..\mpglib\decode_i386.h">
      <Filter>Include</Filter>
    </ClInclude>
    <ClInclude Include="..\mpglib\huffman.h">
      <Filter>Include</Filter>
    </ClInclude>
    <ClInclude Include="..\mpglib\interface.h">
      <Filter>Include</Filter>
    </ClInclude>
    <ClInclude Include="..\mpglib\l2tables.h">
      <Filter>Include</Filter>
    </ClInclude>
    <ClInclude Include="..\mpglib\layer1.h">
      <Filter>Include</Filter>
    </ClInclude>
    <ClInclude Include="..\mpglib\layer2.h">
      <Filter>Include</Filter>
    </ClInclude>
    <ClInclude Include="..\mpglib\layer3.h">
      <Filter>Include</Filter>
    </ClInclude>
    <ClInclude Include="..\mpglib\mpg123.h">
      <Filter>Include</Filter>
    </ClInclude>
    <ClInclude Include="..\mpglib\mpglib.h">
      <Filter>Include</Filter>
    </ClInclude>
    <ClInclude Include="..\mpglib\tabinit.h">
      <Filter>Include</Filter>
    </ClInclude>
  </ItemGroup>
  <ItemGroup>
    <CustomBuild Include="..\configMS.h">
      <Filter>Include</Filter>
    </CustomBuild>
  </ItemGroup>
</Project>