<?xml version="1.0" encoding="utf-8"?>
<Project ToolsVersion="4.0" xmlns="http://schemas.microsoft.com/developer/msbuild/2003">
  <ItemGroup>
    <Filter Include="Sources">
      <UniqueIdentifier>{ff0d0a66-e66d-487f-b36e-24ab82cae942}</UniqueIdentifier>
      <Extensions>cpp</Extensions>
    </Filter>
    <Filter Include="Headers">
      <UniqueIdentifier>{55bf801b-d656-4de2-bfde-e36ef7f89d2b}</UniqueIdentifier>
      <Extensions>h</Extensions>
    </Filter>
  </ItemGroup>
  <ItemGroup>
    <ClCompile Include="..\ACM\ADbg\ADbg.cpp">
      <Filter>Sources</Filter>
    </ClCompile>
  </ItemGroup>
  <ItemGroup>
    <ClInclude Include="..\ACM\ADbg\ADbg.h">
      <Filter>Headers</Filter>
    </ClInclude>
  </ItemGroup>
</Project>